// !$*UTF8*$!
{
	archiveVersion = 1;
	classes = {
	};
	objectVersion = 46;
	objects = {

/* Begin PBXBuildFile section */
		70B83DE01CD0BB6D0007F3D6 /* main.m in Sources */ = {isa = PBXBuildFile; fileRef = 70B83DDF1CD0BB6D0007F3D6 /* main.m */; };
		70B83DE31CD0BB6D0007F3D6 /* AppDelegate.m in Sources */ = {isa = PBXBuildFile; fileRef = 70B83DE21CD0BB6D0007F3D6 /* AppDelegate.m */; };
		70B83DE61CD0BB6D0007F3D6 /* ViewController.m in Sources */ = {isa = PBXBuildFile; fileRef = 70B83DE51CD0BB6D0007F3D6 /* ViewController.m */; };
		70B83DE91CD0BB6D0007F3D6 /* Main.storyboard in Resources */ = {isa = PBXBuildFile; fileRef = 70B83DE71CD0BB6D0007F3D6 /* Main.storyboard */; };
		70B83DEB1CD0BB6D0007F3D6 /* Images.xcassets in Resources */ = {isa = PBXBuildFile; fileRef = 70B83DEA1CD0BB6D0007F3D6 /* Images.xcassets */; };
		70B83DEE1CD0BB6D0007F3D6 /* LaunchScreen.xib in Resources */ = {isa = PBXBuildFile; fileRef = 70B83DEC1CD0BB6D0007F3D6 /* LaunchScreen.xib */; };
		70B83DFA1CD0BB6D0007F3D6 /* KeanAndAbelTests.m in Sources */ = {isa = PBXBuildFile; fileRef = 70B83DF91CD0BB6D0007F3D6 /* KeanAndAbelTests.m */; };
/* End PBXBuildFile section */

/* Begin PBXContainerItemProxy section */
		70B83DF41CD0BB6D0007F3D6 /* PBXContainerItemProxy */ = {
			isa = PBXContainerItemProxy;
			containerPortal = 70B83DD21CD0BB6D0007F3D6 /* Project object */;
			proxyType = 1;
			remoteGlobalIDString = 70B83DD91CD0BB6D0007F3D6;
			remoteInfo = KeanAndAbel;
		};
/* End PBXContainerItemProxy section */

/* Begin PBXFileReference section */
		70B83DDA1CD0BB6D0007F3D6 /* KeanAndAbel.app */ = {isa = PBXFileReference; explicitFileType = wrapper.application; includeInIndex = 0; path = KeanAndAbel.app; sourceTree = BUILT_PRODUCTS_DIR; };
		70B83DDE1CD0BB6D0007F3D6 /* Info.plist */ = {isa = PBXFileReference; lastKnownFileType = text.plist.xml; path = Info.plist; sourceTree = "<group>"; };
		70B83DDF1CD0BB6D0007F3D6 /* main.m */ = {isa = PBXFileReference; lastKnownFileType = sourcecode.c.objc; path = main.m; sourceTree = "<group>"; };
		70B83DE11CD0BB6D0007F3D6 /* AppDelegate.h */ = {isa = PBXFileReference; lastKnownFileType = sourcecode.c.h; path = AppDelegate.h; sourceTree = "<group>"; };
		70B83DE21CD0BB6D0007F3D6 /* AppDelegate.m */ = {isa = PBXFileReference; lastKnownFileType = sourcecode.c.objc; path = AppDelegate.m; sourceTree = "<group>"; };
		70B83DE41CD0BB6D0007F3D6 /* ViewController.h */ = {isa = PBXFileReference; lastKnownFileType = sourcecode.c.h; path = ViewController.h; sourceTree = "<group>"; };
		70B83DE51CD0BB6D0007F3D6 /* ViewController.m */ = {isa = PBXFileReference; lastKnownFileType = sourcecode.c.objc; path = ViewController.m; sourceTree = "<group>"; };
		70B83DE81CD0BB6D0007F3D6 /* Base */ = {isa = PBXFileReference; lastKnownFileType = file.storyboard; name = Base; path = Base.lproj/Main.storyboard; sourceTree = "<group>"; };
		70B83DEA1CD0BB6D0007F3D6 /* Images.xcassets */ = {isa = PBXFileReference; lastKnownFileType = folder.assetcatalog; path = Images.xcassets; sourceTree = "<group>"; };
		70B83DED1CD0BB6D0007F3D6 /* Base */ = {isa = PBXFileReference; lastKnownFileType = file.xib; name = Base; path = Base.lproj/LaunchScreen.xib; sourceTree = "<group>"; };
		70B83DF31CD0BB6D0007F3D6 /* KeanAndAbelTests.xctest */ = {isa = PBXFileReference; explicitFileType = wrapper.cfbundle; includeInIndex = 0; path = KeanAndAbelTests.xctest; sourceTree = BUILT_PRODUCTS_DIR; };
		70B83DF81CD0BB6D0007F3D6 /* Info.plist */ = {isa = PBXFileReference; lastKnownFileType = text.plist.xml; path = Info.plist; sourceTree = "<group>"; };
		70B83DF91CD0BB6D0007F3D6 /* KeanAndAbelTests.m */ = {isa = PBXFileReference; lastKnownFileType = sourcecode.c.objc; path = KeanAndAbelTests.m; sourceTree = "<group>"; };
/* End PBXFileReference section */

/* Begin PBXFrameworksBuildPhase section */
		70B83DD71CD0BB6D0007F3D6 /* Frameworks */ = {
			isa = PBXFrameworksBuildPhase;
			buildActionMask = 2147483647;
			files = (
			);
			runOnlyForDeploymentPostprocessing = 0;
		};
		70B83DF01CD0BB6D0007F3D6 /* Frameworks */ = {
			isa = PBXFrameworksBuildPhase;
			buildActionMask = 2147483647;
			files = (
			);
			runOnlyForDeploymentPostprocessing = 0;
		};
/* End PBXFrameworksBuildPhase section */

/* Begin PBXGroup section */
		70B83DD11CD0BB6D0007F3D6 = {
			isa = PBXGroup;
			children = (
				70B83DDC1CD0BB6D0007F3D6 /* KeanAndAbel */,
				70B83DF61CD0BB6D0007F3D6 /* KeanAndAbelTests */,
				70B83DDB1CD0BB6D0007F3D6 /* Products */,
			);
			sourceTree = "<group>";
		};
		70B83DDB1CD0BB6D0007F3D6 /* Products */ = {
			isa = PBXGroup;
			children = (
				70B83DDA1CD0BB6D0007F3D6 /* KeanAndAbel.app */,
				70B83DF31CD0BB6D0007F3D6 /* KeanAndAbelTests.xctest */,
			);
			name = Products;
			sourceTree = "<group>";
		};
		70B83DDC1CD0BB6D0007F3D6 /* KeanAndAbel */ = {
			isa = PBXGroup;
			children = (
				70B83DE11CD0BB6D0007F3D6 /* AppDelegate.h */,
				70B83DE21CD0BB6D0007F3D6 /* AppDelegate.m */,
				70B83DE41CD0BB6D0007F3D6 /* ViewController.h */,
				70B83DE51CD0BB6D0007F3D6 /* ViewController.m */,
				70B83DE71CD0BB6D0007F3D6 /* Main.storyboard */,
				70B83DEA1CD0BB6D0007F3D6 /* Images.xcassets */,
				70B83DEC1CD0BB6D0007F3D6 /* LaunchScreen.xib */,
				70B83DDD1CD0BB6D0007F3D6 /* Supporting Files */,
			);
			path = KeanAndAbel;
			sourceTree = "<group>";
		};
		70B83DDD1CD0BB6D0007F3D6 /* Supporting Files */ = {
			isa = PBXGroup;
			children = (
				70B83DDE1CD0BB6D0007F3D6 /* Info.plist */,
				70B83DDF1CD0BB6D0007F3D6 /* main.m */,
			);
			name = "Supporting Files";
			sourceTree = "<group>";
		};
		70B83DF61CD0BB6D0007F3D6 /* KeanAndAbelTests */ = {
			isa = PBXGroup;
			children = (
				70B83DF91CD0BB6D0007F3D6 /* KeanAndAbelTests.m */,
				70B83DF71CD0BB6D0007F3D6 /* Supporting Files */,
			);
			path = KeanAndAbelTests;
			sourceTree = "<group>";
		};
		70B83DF71CD0BB6D0007F3D6 /* Supporting Files */ = {
			isa = PBXGroup;
			children = (
				70B83DF81CD0BB6D0007F3D6 /* Info.plist */,
			);
			name = "Supporting Files";
			sourceTree = "<group>";
		};
/* End PBXGroup section */

/* Begin PBXNativeTarget section */
		70B83DD91CD0BB6D0007F3D6 /* KeanAndAbel */ = {
			isa = PBXNativeTarget;
			buildConfigurationList = 70B83DFD1CD0BB6D0007F3D6 /* Build configuration list for PBXNativeTarget "KeanAndAbel" */;
			buildPhases = (
				70B83DD61CD0BB6D0007F3D6 /* Sources */,
				70B83DD71CD0BB6D0007F3D6 /* Frameworks */,
				70B83DD81CD0BB6D0007F3D6 /* Resources */,
			);
			buildRules = (
			);
			dependencies = (
			);
			name = KeanAndAbel;
			productName = KeanAndAbel;
			productReference = 70B83DDA1CD0BB6D0007F3D6 /* KeanAndAbel.app */;
			productType = "com.apple.product-type.application";
		};
		70B83DF21CD0BB6D0007F3D6 /* KeanAndAbelTests */ = {
			isa = PBXNativeTarget;
			buildConfigurationList = 70B83E001CD0BB6D0007F3D6 /* Build configuration list for PBXNativeTarget "KeanAndAbelTests" */;
			buildPhases = (
				70B83DEF1CD0BB6D0007F3D6 /* Sources */,
				70B83DF01CD0BB6D0007F3D6 /* Frameworks */,
				70B83DF11CD0BB6D0007F3D6 /* Resources */,
			);
			buildRules = (
			);
			dependencies = (
				70B83DF51CD0BB6D0007F3D6 /* PBXTargetDependency */,
			);
			name = KeanAndAbelTests;
			productName = KeanAndAbelTests;
			productReference = 70B83DF31CD0BB6D0007F3D6 /* KeanAndAbelTests.xctest */;
			productType = "com.apple.product-type.bundle.unit-test";
		};
/* End PBXNativeTarget section */

/* Begin PBXProject section */
		70B83DD21CD0BB6D0007F3D6 /* Project object */ = {
			isa = PBXProject;
			attributes = {
				LastUpgradeCheck = 0610;
				ORGANIZATIONNAME = "Thuong Nguyen Quoc";
				TargetAttributes = {
					70B83DD91CD0BB6D0007F3D6 = {
						CreatedOnToolsVersion = 6.1.1;
					};
					70B83DF21CD0BB6D0007F3D6 = {
						CreatedOnToolsVersion = 6.1.1;
						TestTargetID = 70B83DD91CD0BB6D0007F3D6;
					};
				};
			};
			buildConfigurationList = 70B83DD51CD0BB6D0007F3D6 /* Build configuration list for PBXProject "KeanAndAbel" */;
			compatibilityVersion = "Xcode 3.2";
			developmentRegion = English;
			hasScannedForEncodings = 0;
			knownRegions = (
				en,
				Base,
			);
			mainGroup = 70B83DD11CD0BB6D0007F3D6;
			productRefGroup = 70B83DDB1CD0BB6D0007F3D6 /* Products */;
			projectDirPath = "";
			projectRoot = "";
			targets = (
				70B83DD91CD0BB6D0007F3D6 /* KeanAndAbel */,
				70B83DF21CD0BB6D0007F3D6 /* KeanAndAbelTests */,
			);
		};
/* End PBXProject section */

/* Begin PBXResourcesBuildPhase section */
		70B83DD81CD0BB6D0007F3D6 /* Resources */ = {
			isa = PBXResourcesBuildPhase;
			buildActionMask = 2147483647;
			files = (
				70B83DE91CD0BB6D0007F3D6 /* Main.storyboard in Resources */,
				70B83DEE1CD0BB6D0007F3D6 /* LaunchScreen.xib in Resources */,
				70B83DEB1CD0BB6D0007F3D6 /* Images.xcassets in Resources */,
			);
			runOnlyForDeploymentPostprocessing = 0;
		};
		70B83DF11CD0BB6D0007F3D6 /* Resources */ = {
			isa = PBXResourcesBuildPhase;
			buildActionMask = 2147483647;
			files = (
			);
			runOnlyForDeploymentPostprocessing = 0;
		};
/* End PBXResourcesBuildPhase section */

/* Begin PBXSourcesBuildPhase section */
		70B83DD61CD0BB6D0007F3D6 /* Sources */ = {
			isa = PBXSourcesBuildPhase;
			buildActionMask = 2147483647;
			files = (
				70B83DE61CD0BB6D0007F3D6 /* ViewController.m in Sources */,
				70B83DE31CD0BB6D0007F3D6 /* AppDelegate.m in Sources */,
				70B83DE01CD0BB6D0007F3D6 /* main.m in Sources */,
			);
			runOnlyForDeploymentPostprocessing = 0;
		};
		70B83DEF1CD0BB6D0007F3D6 /* Sources */ = {
			isa = PBXSourcesBuildPhase;
			buildActionMask = 2147483647;
			files = (
				70B83DFA1CD0BB6D0007F3D6 /* KeanAndAbelTests.m in Sources */,
			);
			runOnlyForDeploymentPostprocessing = 0;
		};
/* End PBXSourcesBuildPhase section */

/* Begin PBXTargetDependency section */
		70B83DF51CD0BB6D0007F3D6 /* PBXTargetDependency */ = {
			isa = PBXTargetDependency;
			target = 70B83DD91CD0BB6D0007F3D6 /* KeanAndAbel */;
			targetProxy = 70B83DF41CD0BB6D0007F3D6 /* PBXContainerItemProxy */;
		};
/* End PBXTargetDependency section */

/* Begin PBXVariantGroup section */
		70B83DE71CD0BB6D0007F3D6 /* Main.storyboard */ = {
			isa = PBXVariantGroup;
			children = (
				70B83DE81CD0BB6D0007F3D6 /* Base */,
			);
			name = Main.storyboard;
			sourceTree = "<group>";
		};
		70B83DEC1CD0BB6D0007F3D6 /* LaunchScreen.xib */ = {
			isa = PBXVariantGroup;
			children = (
				70B83DED1CD0BB6D0007F3D6 /* Base */,
			);
			name = LaunchScreen.xib;
			sourceTree = "<group>";
		};
/* End PBXVariantGroup section */

/* Begin XCBuildConfiguration section */
		70B83DFB1CD0BB6D0007F3D6 /* Debug */ = {
			isa = XCBuildConfiguration;
			buildSettings = {
				ALWAYS_SEARCH_USER_PATHS = NO;
				CLANG_CXX_LANGUAGE_STANDARD = "gnu++0x";
				CLANG_CXX_LIBRARY = "libc++";
				CLANG_ENABLE_MODULES = YES;
				CLANG_ENABLE_OBJC_ARC = YES;
				CLANG_WARN_BOOL_CONVERSION = YES;
				CLANG_WARN_CONSTANT_CONVERSION = YES;
				CLANG_WARN_DIRECT_OBJC_ISA_USAGE = YES_ERROR;
				CLANG_WARN_EMPTY_BODY = YES;
				CLANG_WARN_ENUM_CONVERSION = YES;
				CLANG_WARN_INT_CONVERSION = YES;
				CLANG_WARN_OBJC_ROOT_CLASS = YES_ERROR;
				CLANG_WARN_UNREACHABLE_CODE = YES;
				CLANG_WARN__DUPLICATE_METHOD_MATCH = YES;
				"CODE_SIGN_IDENTITY[sdk=iphoneos*]" = "iPhone Developer";
				COPY_PHASE_STRIP = NO;
				ENABLE_STRICT_OBJC_MSGSEND = YES;
				GCC_C_LANGUAGE_STANDARD = gnu99;
				GCC_DYNAMIC_NO_PIC = NO;
				GCC_OPTIMIZATION_LEVEL = 0;
				GCC_PREPROCESSOR_DEFINITIONS = (
					"DEBUG=1",
					"$(inherited)",
				);
				GCC_SYMBOLS_PRIVATE_EXTERN = NO;
				GCC_WARN_64_TO_32_BIT_CONVERSION = YES;
				GCC_WARN_ABOUT_RETURN_TYPE = YES_ERROR;
				GCC_WARN_UNDECLARED_SELECTOR = YES;
				GCC_WARN_UNINITIALIZED_AUTOS = YES_AGGRESSIVE;
				GCC_WARN_UNUSED_FUNCTION = YES;
				GCC_WARN_UNUSED_VARIABLE = YES;
				IPHONEOS_DEPLOYMENT_TARGET = 8.1;
				MTL_ENABLE_DEBUG_INFO = YES;
				ONLY_ACTIVE_ARCH = YES;
				SDKROOT = iphoneos;
			};
			name = Debug;
		};
		70B83DFC1CD0BB6D0007F3D6 /* Release */ = {
			isa = XCBuildConfiguration;
			buildSettings = {
				ALWAYS_SEARCH_USER_PATHS = NO;
				CLANG_CXX_LANGUAGE_STANDARD = "gnu++0x";
				CLANG_CXX_LIBRARY = "libc++";
				CLANG_ENABLE_MODULES = YES;
				CLANG_ENABLE_OBJC_ARC = YES;
				CLANG_WARN_BOOL_CONVERSION = YES;
				CLANG_WARN_CONSTANT_CONVERSION = YES;
				CLANG_WARN_DIRECT_OBJC_ISA_USAGE = YES_ERROR;
				CLANG_WARN_EMPTY_BODY = YES;
				CLANG_WARN_ENUM_CONVERSION = YES;
				CLANG_WARN_INT_CONVERSION = YES;
				CLANG_WARN_OBJC_ROOT_CLASS = YES_ERROR;
				CLANG_WARN_UNREACHABLE_CODE = YES;
				CLANG_WARN__DUPLICATE_METHOD_MATCH = YES;
				"CODE_SIGN_IDENTITY[sdk=iphoneos*]" = "iPhone Developer";
				COPY_PHASE_STRIP = YES;
				ENABLE_NS_ASSERTIONS = NO;
				ENABLE_STRICT_OBJC_MSGSEND = YES;
				GCC_C_LANGUAGE_STANDARD = gnu99;
				GCC_WARN_64_TO_32_BIT_CONVERSION = YES;
				GCC_WARN_ABOUT_RETURN_TYPE = YES_ERROR;
				GCC_WARN_UNDECLARED_SELECTOR = YES;
				GCC_WARN_UNINITIALIZED_AUTOS = YES_AGGRESSIVE;
				GCC_WARN_UNUSED_FUNCTION = YES;
				GCC_WARN_UNUSED_VARIABLE = YES;
				IPHONEOS_DEPLOYMENT_TARGET = 8.1;
				MTL_ENABLE_DEBUG_INFO = NO;
				SDKROOT = iphoneos;
				VALIDATE_PRODUCT = YES;
			};
			name = Release;
		};
		70B83DFE1CD0BB6D0007F3D6 /* Debug */ = {
			isa = XCBuildConfiguration;
			buildSettings = {
				ASSETCATALOG_COMPILER_APPICON_NAME = AppIcon;
				INFOPLIST_FILE = KeanAndAbel/Info.plist;
				LD_RUNPATH_SEARCH_PATHS = "$(inherited) @executable_path/Frameworks";
				PRODUCT_NAME = "$(TARGET_NAME)";
			};
			name = Debug;
		};
		70B83DFF1CD0BB6D0007F3D6 /* Release */ = {
			isa = XCBuildConfiguration;
			buildSettings = {
				ASSETCATALOG_COMPILER_APPICON_NAME = AppIcon;
				INFOPLIST_FILE = KeanAndAbel/Info.plist;
				LD_RUNPATH_SEARCH_PATHS = "$(inherited) @executable_path/Frameworks";
				PRODUCT_NAME = "$(TARGET_NAME)";
			};
			name = Release;
		};
		70B83E011CD0BB6D0007F3D6 /* Debug */ = {
			isa = XCBuildConfiguration;
			buildSettings = {
				BUNDLE_LOADER = "$(TEST_HOST)";
				FRAMEWORK_SEARCH_PATHS = (
					"$(SDKROOT)/Developer/Library/Frameworks",
					"$(inherited)",
				);
				GCC_PREPROCESSOR_DEFINITIONS = (
					"DEBUG=1",
					"$(inherited)",
				);
				INFOPLIST_FILE = KeanAndAbelTests/Info.plist;
				LD_RUNPATH_SEARCH_PATHS = "$(inherited) @executable_path/Frameworks @loader_path/Frameworks";
				PRODUCT_NAME = "$(TARGET_NAME)";
				TEST_HOST = "$(BUILT_PRODUCTS_DIR)/KeanAndAbel.app/KeanAndAbel";
			};
			name = Debug;
		};
		70B83E021CD0BB6D0007F3D6 /* Release */ = {
			isa = XCBuildConfiguration;
			buildSettings = {
				BUNDLE_LOADER = "$(TEST_HOST)";
				FRAMEWORK_SEARCH_PATHS = (
					"$(SDKROOT)/Developer/Library/Frameworks",
					"$(inherited)",
				);
				INFOPLIST_FILE = KeanAndAbelTests/Info.plist;
				LD_RUNPATH_SEARCH_PATHS = "$(inherited) @executable_path/Frameworks @loader_path/Frameworks";
				PRODUCT_NAME = "$(TARGET_NAME)";
				TEST_HOST = "$(BUILT_PRODUCTS_DIR)/KeanAndAbel.app/KeanAndAbel";
			};
			name = Release;
		};
/* End XCBuildConfiguration section */

/* Begin XCConfigurationList section */
		70B83DD51CD0BB6D0007F3D6 /* Build configuration list for PBXProject "KeanAndAbel" */ = {
			isa = XCConfigurationList;
			buildConfigurations = (
				70B83DFB1CD0BB6D0007F3D6 /* Debug */,
				70B83DFC1CD0BB6D0007F3D6 /* Release */,
			);
			defaultConfigurationIsVisible = 0;
			defaultConfigurationName = Release;
		};
		70B83DFD1CD0BB6D0007F3D6 /* Build configuration list for PBXNativeTarget "KeanAndAbel" */ = {
			isa = XCConfigurationList;
			buildConfigurations = (
				70B83DFE1CD0BB6D0007F3D6 /* Debug */,
				70B83DFF1CD0BB6D0007F3D6 /* Release */,
			);
			defaultConfigurationIsVisible = 0;
		};
		70B83E001CD0BB6D0007F3D6 /* Build configuration list for PBXNativeTarget "KeanAndAbelTests" */ = {
			isa = XCConfigurationList;
			buildConfigurations = (
				70B83E011CD0BB6D0007F3D6 /* Debug */,
				70B83E021CD0BB6D0007F3D6 /* Release */,
			);
			defaultConfigurationIsVisible = 0;
		};
/* End XCConfigurationList section */
	};
	rootObject = 70B83DD21CD0BB6D0007F3D6 /* Project object */;
}
